// !$*UTF8*$!
{
	archiveVersion = 1;
	classes = {
	};
	objectVersion = 55;
	objects = {

/* Begin PBXBuildFile section */
		DB3B68F228C5F64A006AEE89 /* BackgroundLiveView.swift in Sources */ = {isa = PBXBuildFile; fileRef = DB3B68F128C5F64A006AEE89 /* BackgroundLiveView.swift */; };
		DB4852AE28C4A3F5009C4C88 /* NewsView.swift in Sources */ = {isa = PBXBuildFile; fileRef = DB4852AD28C4A3F5009C4C88 /* NewsView.swift */; };
		DB4852B228C4AE60009C4C88 /* Jua-Regular.ttf in Resources */ = {isa = PBXBuildFile; fileRef = DB4852B128C4AE60009C4C88 /* Jua-Regular.ttf */; };
		DB4852B528C4BCB7009C4C88 /* ArticlesData.swift in Sources */ = {isa = PBXBuildFile; fileRef = DB4852B428C4BCB7009C4C88 /* ArticlesData.swift */; };
		DB4852B828C4CA4E009C4C88 /* Trial.json in Resources */ = {isa = PBXBuildFile; fileRef = DB4852B728C4CA4E009C4C88 /* Trial.json */; };
		DB4852BA28C4CB36009C4C88 /* Articles.swift in Sources */ = {isa = PBXBuildFile; fileRef = DB4852B928C4CB36009C4C88 /* Articles.swift */; };
		DB4852BD28C4CD14009C4C88 /* CachedAsyncImage in Frameworks */ = {isa = PBXBuildFile; productRef = DB4852BC28C4CD14009C4C88 /* CachedAsyncImage */; };
		DB4852BF28C4CEB6009C4C88 /* ArticlesListView.swift in Sources */ = {isa = PBXBuildFile; fileRef = DB4852BE28C4CEB6009C4C88 /* ArticlesListView.swift */; };
		DB76288528C1E5FD0048CE50 /* FlowApp.swift in Sources */ = {isa = PBXBuildFile; fileRef = DB76288428C1E5FD0048CE50 /* FlowApp.swift */; };
		DB76288728C1E5FD0048CE50 /* CustomTabBarView.swift in Sources */ = {isa = PBXBuildFile; fileRef = DB76288628C1E5FD0048CE50 /* CustomTabBarView.swift */; };
		DB76288928C1E6020048CE50 /* Assets.xcassets in Resources */ = {isa = PBXBuildFile; fileRef = DB76288828C1E6020048CE50 /* Assets.xcassets */; };
		DB76288C28C1E6020048CE50 /* Preview Assets.xcassets in Resources */ = {isa = PBXBuildFile; fileRef = DB76288B28C1E6020048CE50 /* Preview Assets.xcassets */; };
		DB76289828C4899B0048CE50 /* HomeScreenTwo.swift in Sources */ = {isa = PBXBuildFile; fileRef = DB76289728C4899B0048CE50 /* HomeScreenTwo.swift */; };
		DB76289A28C492B70048CE50 /* ContentView.swift in Sources */ = {isa = PBXBuildFile; fileRef = DB76289928C492B70048CE50 /* ContentView.swift */; };
		DBDEDA2528C4E57C00E4E70B /* EmoData.swift in Sources */ = {isa = PBXBuildFile; fileRef = DBDEDA2428C4E57C00E4E70B /* EmoData.swift */; };
		DBDEDA2728C4EBB900E4E70B /* LineGraphView.swift in Sources */ = {isa = PBXBuildFile; fileRef = DBDEDA2628C4EBB900E4E70B /* LineGraphView.swift */; };
		DBDEDA2928C5771300E4E70B /* LoginView.swift in Sources */ = {isa = PBXBuildFile; fileRef = DBDEDA2828C5771300E4E70B /* LoginView.swift */; };
		DBDEDA2B28C5A89B00E4E70B /* LineGraphViewTwo.swift in Sources */ = {isa = PBXBuildFile; fileRef = DBDEDA2A28C5A89B00E4E70B /* LineGraphViewTwo.swift */; };
		DBDEDA2D28C5A9D100E4E70B /* LineChartView.swift in Sources */ = {isa = PBXBuildFile; fileRef = DBDEDA2C28C5A9D100E4E70B /* LineChartView.swift */; };
/* End PBXBuildFile section */

/* Begin PBXFileReference section */
		DB3B68F128C5F64A006AEE89 /* BackgroundLiveView.swift */ = {isa = PBXFileReference; lastKnownFileType = sourcecode.swift; path = BackgroundLiveView.swift; sourceTree = "<group>"; };
		DB4852AD28C4A3F5009C4C88 /* NewsView.swift */ = {isa = PBXFileReference; lastKnownFileType = sourcecode.swift; path = NewsView.swift; sourceTree = "<group>"; };
		DB4852B128C4AE60009C4C88 /* Jua-Regular.ttf */ = {isa = PBXFileReference; lastKnownFileType = file; path = "Jua-Regular.ttf"; sourceTree = "<group>"; };
		DB4852B328C4B057009C4C88 /* Info.plist */ = {isa = PBXFileReference; lastKnownFileType = text.plist; path = Info.plist; sourceTree = "<group>"; };
		DB4852B428C4BCB7009C4C88 /* ArticlesData.swift */ = {isa = PBXFileReference; lastKnownFileType = sourcecode.swift; path = ArticlesData.swift; sourceTree = "<group>"; };
		DB4852B728C4CA4E009C4C88 /* Trial.json */ = {isa = PBXFileReference; fileEncoding = 4; lastKnownFileType = text.json; path = Trial.json; sourceTree = "<group>"; };
		DB4852B928C4CB36009C4C88 /* Articles.swift */ = {isa = PBXFileReference; lastKnownFileType = sourcecode.swift; path = Articles.swift; sourceTree = "<group>"; };
		DB4852BE28C4CEB6009C4C88 /* ArticlesListView.swift */ = {isa = PBXFileReference; lastKnownFileType = sourcecode.swift; path = ArticlesListView.swift; sourceTree = "<group>"; };
		DB76288128C1E5FD0048CE50 /* Flow.app */ = {isa = PBXFileReference; explicitFileType = wrapper.application; includeInIndex = 0; path = Flow.app; sourceTree = BUILT_PRODUCTS_DIR; };
		DB76288428C1E5FD0048CE50 /* FlowApp.swift */ = {isa = PBXFileReference; lastKnownFileType = sourcecode.swift; path = FlowApp.swift; sourceTree = "<group>"; };
		DB76288628C1E5FD0048CE50 /* CustomTabBarView.swift */ = {isa = PBXFileReference; lastKnownFileType = sourcecode.swift; path = CustomTabBarView.swift; sourceTree = "<group>"; };
		DB76288828C1E6020048CE50 /* Assets.xcassets */ = {isa = PBXFileReference; lastKnownFileType = folder.assetcatalog; path = Assets.xcassets; sourceTree = "<group>"; };
		DB76288B28C1E6020048CE50 /* Preview Assets.xcassets */ = {isa = PBXFileReference; lastKnownFileType = folder.assetcatalog; path = "Preview Assets.xcassets"; sourceTree = "<group>"; };
		DB76289728C4899B0048CE50 /* HomeScreenTwo.swift */ = {isa = PBXFileReference; lastKnownFileType = sourcecode.swift; path = HomeScreenTwo.swift; sourceTree = "<group>"; };
		DB76289928C492B70048CE50 /* ContentView.swift */ = {isa = PBXFileReference; lastKnownFileType = sourcecode.swift; path = ContentView.swift; sourceTree = "<group>"; };
		DBDEDA2428C4E57C00E4E70B /* EmoData.swift */ = {isa = PBXFileReference; lastKnownFileType = sourcecode.swift; path = EmoData.swift; sourceTree = "<group>"; };
		DBDEDA2628C4EBB900E4E70B /* LineGraphView.swift */ = {isa = PBXFileReference; lastKnownFileType = sourcecode.swift; path = LineGraphView.swift; sourceTree = "<group>"; };
		DBDEDA2828C5771300E4E70B /* LoginView.swift */ = {isa = PBXFileReference; lastKnownFileType = sourcecode.swift; path = LoginView.swift; sourceTree = "<group>"; };
		DBDEDA2A28C5A89B00E4E70B /* LineGraphViewTwo.swift */ = {isa = PBXFileReference; lastKnownFileType = sourcecode.swift; path = LineGraphViewTwo.swift; sourceTree = "<group>"; };
		DBDEDA2C28C5A9D100E4E70B /* LineChartView.swift */ = {isa = PBXFileReference; lastKnownFileType = sourcecode.swift; path = LineChartView.swift; sourceTree = "<group>"; };
/* End PBXFileReference section */

/* Begin PBXFrameworksBuildPhase section */
		DB76287E28C1E5FD0048CE50 /* Frameworks */ = {
			isa = PBXFrameworksBuildPhase;
			buildActionMask = 2147483647;
			files = (
				DB4852BD28C4CD14009C4C88 /* CachedAsyncImage in Frameworks */,
			);
			runOnlyForDeploymentPostprocessing = 0;
		};
/* End PBXFrameworksBuildPhase section */

/* Begin PBXGroup section */
		DB4852B628C4BCC4009C4C88 /* Data */ = {
			isa = PBXGroup;
			children = (
				DB4852B428C4BCB7009C4C88 /* ArticlesData.swift */,
				DBDEDA2428C4E57C00E4E70B /* EmoData.swift */,
			);
			path = Data;
			sourceTree = "<group>";
		};
		DB76287828C1E5FD0048CE50 = {
			isa = PBXGroup;
			children = (
				DB3B68F128C5F64A006AEE89 /* BackgroundLiveView.swift */,
				DB76288328C1E5FD0048CE50 /* Flow */,
				DB76288228C1E5FD0048CE50 /* Products */,
			);
			sourceTree = "<group>";
		};
		DB76288228C1E5FD0048CE50 /* Products */ = {
			isa = PBXGroup;
			children = (
				DB76288128C1E5FD0048CE50 /* Flow.app */,
			);
			name = Products;
			sourceTree = "<group>";
		};
		DB76288328C1E5FD0048CE50 /* Flow */ = {
			isa = PBXGroup;
			children = (
				DB4852B728C4CA4E009C4C88 /* Trial.json */,
				DB4852B128C4AE60009C4C88 /* Jua-Regular.ttf */,
				DB4852B328C4B057009C4C88 /* Info.plist */,
				DB76288428C1E5FD0048CE50 /* FlowApp.swift */,
				DB4852B628C4BCC4009C4C88 /* Data */,
				DB76289428C3B61E0048CE50 /* View */,
				DB76288828C1E6020048CE50 /* Assets.xcassets */,
				DB76288A28C1E6020048CE50 /* Preview Content */,
			);
			path = Flow;
			sourceTree = "<group>";
		};
		DB76288A28C1E6020048CE50 /* Preview Content */ = {
			isa = PBXGroup;
			children = (
				DB76288B28C1E6020048CE50 /* Preview Assets.xcassets */,
			);
			path = "Preview Content";
			sourceTree = "<group>";
		};
		DB76289428C3B61E0048CE50 /* View */ = {
			isa = PBXGroup;
			children = (
				DB4852B928C4CB36009C4C88 /* Articles.swift */,
				DB4852BE28C4CEB6009C4C88 /* ArticlesListView.swift */,
				DB76288628C1E5FD0048CE50 /* CustomTabBarView.swift */,
				DB76289928C492B70048CE50 /* ContentView.swift */,
				DBDEDA2828C5771300E4E70B /* LoginView.swift */,
				DB76289728C4899B0048CE50 /* HomeScreenTwo.swift */,
				DBDEDA2628C4EBB900E4E70B /* LineGraphView.swift */,
				DBDEDA2A28C5A89B00E4E70B /* LineGraphViewTwo.swift */,
				DBDEDA2C28C5A9D100E4E70B /* LineChartView.swift */,
				DB4852AD28C4A3F5009C4C88 /* NewsView.swift */,
			);
			path = View;
			sourceTree = "<group>";
		};
/* End PBXGroup section */

/* Begin PBXNativeTarget section */
		DB76288028C1E5FD0048CE50 /* Flow */ = {
			isa = PBXNativeTarget;
			buildConfigurationList = DB76288F28C1E6020048CE50 /* Build configuration list for PBXNativeTarget "Flow" */;
			buildPhases = (
				DB76287D28C1E5FD0048CE50 /* Sources */,
				DB76287E28C1E5FD0048CE50 /* Frameworks */,
				DB76287F28C1E5FD0048CE50 /* Resources */,
			);
			buildRules = (
			);
			dependencies = (
			);
			name = Flow;
			packageProductDependencies = (
				DB4852BC28C4CD14009C4C88 /* CachedAsyncImage */,
			);
			productName = Flow;
			productReference = DB76288128C1E5FD0048CE50 /* Flow.app */;
			productType = "com.apple.product-type.application";
		};
/* End PBXNativeTarget section */

/* Begin PBXProject section */
		DB76287928C1E5FD0048CE50 /* Project object */ = {
			isa = PBXProject;
			attributes = {
				BuildIndependentTargetsInParallel = 1;
				LastSwiftUpdateCheck = 1330;
				LastUpgradeCheck = 1330;
				TargetAttributes = {
					DB76288028C1E5FD0048CE50 = {
						CreatedOnToolsVersion = 13.3.1;
					};
				};
			};
			buildConfigurationList = DB76287C28C1E5FD0048CE50 /* Build configuration list for PBXProject "Flow" */;
			compatibilityVersion = "Xcode 13.0";
			developmentRegion = en;
			hasScannedForEncodings = 0;
			knownRegions = (
				en,
				Base,
			);
			mainGroup = DB76287828C1E5FD0048CE50;
			packageReferences = (
				DB4852BB28C4CD14009C4C88 /* XCRemoteSwiftPackageReference "swiftui-cached-async-image" */,
			);
			productRefGroup = DB76288228C1E5FD0048CE50 /* Products */;
			projectDirPath = "";
			projectRoot = "";
			targets = (
				DB76288028C1E5FD0048CE50 /* Flow */,
			);
		};
/* End PBXProject section */

/* Begin PBXResourcesBuildPhase section */
		DB76287F28C1E5FD0048CE50 /* Resources */ = {
			isa = PBXResourcesBuildPhase;
			buildActionMask = 2147483647;
			files = (
				DB4852B228C4AE60009C4C88 /* Jua-Regular.ttf in Resources */,
				DB76288C28C1E6020048CE50 /* Preview Assets.xcassets in Resources */,
				DB4852B828C4CA4E009C4C88 /* Trial.json in Resources */,
				DB76288928C1E6020048CE50 /* Assets.xcassets in Resources */,
			);
			runOnlyForDeploymentPostprocessing = 0;
		};
/* End PBXResourcesBuildPhase section */

/* Begin PBXSourcesBuildPhase section */
		DB76287D28C1E5FD0048CE50 /* Sources */ = {
			isa = PBXSourcesBuildPhase;
			buildActionMask = 2147483647;
			files = (
				DB76289828C4899B0048CE50 /* HomeScreenTwo.swift in Sources */,
				DBDEDA2528C4E57C00E4E70B /* EmoData.swift in Sources */,
				DB76289A28C492B70048CE50 /* ContentView.swift in Sources */,
				DBDEDA2B28C5A89B00E4E70B /* LineGraphViewTwo.swift in Sources */,
				DB4852AE28C4A3F5009C4C88 /* NewsView.swift in Sources */,
				DB4852BA28C4CB36009C4C88 /* Articles.swift in Sources */,
				DB76288728C1E5FD0048CE50 /* CustomTabBarView.swift in Sources */,
				DB76288528C1E5FD0048CE50 /* FlowApp.swift in Sources */,
				DB4852B528C4BCB7009C4C88 /* ArticlesData.swift in Sources */,
				DBDEDA2D28C5A9D100E4E70B /* LineChartView.swift in Sources */,
				DBDEDA2928C5771300E4E70B /* LoginView.swift in Sources */,
				DB4852BF28C4CEB6009C4C88 /* ArticlesListView.swift in Sources */,
				DB3B68F228C5F64A006AEE89 /* BackgroundLiveView.swift in Sources */,
				DBDEDA2728C4EBB900E4E70B /* LineGraphView.swift in Sources */,
			);
			runOnlyForDeploymentPostprocessing = 0;
		};
/* End PBXSourcesBuildPhase section */

/* Begin XCBuildConfiguration section */
		DB76288D28C1E6020048CE50 /* Debug */ = {
			isa = XCBuildConfiguration;
			buildSettings = {
				ALWAYS_SEARCH_USER_PATHS = NO;
				CLANG_ANALYZER_NONNULL = YES;
				CLANG_ANALYZER_NUMBER_OBJECT_CONVERSION = YES_AGGRESSIVE;
				CLANG_CXX_LANGUAGE_STANDARD = "gnu++17";
				CLANG_ENABLE_MODULES = YES;
				CLANG_ENABLE_OBJC_ARC = YES;
				CLANG_ENABLE_OBJC_WEAK = YES;
				CLANG_WARN_BLOCK_CAPTURE_AUTORELEASING = YES;
				CLANG_WARN_BOOL_CONVERSION = YES;
				CLANG_WARN_COMMA = YES;
				CLANG_WARN_CONSTANT_CONVERSION = YES;
				CLANG_WARN_DEPRECATED_OBJC_IMPLEMENTATIONS = YES;
				CLANG_WARN_DIRECT_OBJC_ISA_USAGE = YES_ERROR;
				CLANG_WARN_DOCUMENTATION_COMMENTS = YES;
				CLANG_WARN_EMPTY_BODY = YES;
				CLANG_WARN_ENUM_CONVERSION = YES;
				CLANG_WARN_INFINITE_RECURSION = YES;
				CLANG_WARN_INT_CONVERSION = YES;
				CLANG_WARN_NON_LITERAL_NULL_CONVERSION = YES;
				CLANG_WARN_OBJC_IMPLICIT_RETAIN_SELF = YES;
				CLANG_WARN_OBJC_LITERAL_CONVERSION = YES;
				CLANG_WARN_OBJC_ROOT_CLASS = YES_ERROR;
				CLANG_WARN_QUOTED_INCLUDE_IN_FRAMEWORK_HEADER = YES;
				CLANG_WARN_RANGE_LOOP_ANALYSIS = YES;
				CLANG_WARN_STRICT_PROTOTYPES = YES;
				CLANG_WARN_SUSPICIOUS_MOVE = YES;
				CLANG_WARN_UNGUARDED_AVAILABILITY = YES_AGGRESSIVE;
				CLANG_WARN_UNREACHABLE_CODE = YES;
				CLANG_WARN__DUPLICATE_METHOD_MATCH = YES;
				COPY_PHASE_STRIP = NO;
				DEBUG_INFORMATION_FORMAT = dwarf;
				ENABLE_STRICT_OBJC_MSGSEND = YES;
				ENABLE_TESTABILITY = YES;
				GCC_C_LANGUAGE_STANDARD = gnu11;
				GCC_DYNAMIC_NO_PIC = NO;
				GCC_NO_COMMON_BLOCKS = YES;
				GCC_OPTIMIZATION_LEVEL = 0;
				GCC_PREPROCESSOR_DEFINITIONS = (
					"DEBUG=1",
					"$(inherited)",
				);
				GCC_WARN_64_TO_32_BIT_CONVERSION = YES;
				GCC_WARN_ABOUT_RETURN_TYPE = YES_ERROR;
				GCC_WARN_UNDECLARED_SELECTOR = YES;
				GCC_WARN_UNINITIALIZED_AUTOS = YES_AGGRESSIVE;
				GCC_WARN_UNUSED_FUNCTION = YES;
				GCC_WARN_UNUSED_VARIABLE = YES;
				IPHONEOS_DEPLOYMENT_TARGET = 15.4;
				MTL_ENABLE_DEBUG_INFO = INCLUDE_SOURCE;
				MTL_FAST_MATH = YES;
				ONLY_ACTIVE_ARCH = YES;
				SDKROOT = iphoneos;
				SWIFT_ACTIVE_COMPILATION_CONDITIONS = DEBUG;
				SWIFT_OPTIMIZATION_LEVEL = "-Onone";
			};
			name = Debug;
		};
		DB76288E28C1E6020048CE50 /* Release */ = {
			isa = XCBuildConfiguration;
			buildSettings = {
				ALWAYS_SEARCH_USER_PATHS = NO;
				CLANG_ANALYZER_NONNULL = YES;
				CLANG_ANALYZER_NUMBER_OBJECT_CONVERSION = YES_AGGRESSIVE;
				CLANG_CXX_LANGUAGE_STANDARD = "gnu++17";
				CLANG_ENABLE_MODULES = YES;
				CLANG_ENABLE_OBJC_ARC = YES;
				CLANG_ENABLE_OBJC_WEAK = YES;
				CLANG_WARN_BLOCK_CAPTURE_AUTORELEASING = YES;
				CLANG_WARN_BOOL_CONVERSION = YES;
				CLANG_WARN_COMMA = YES;
				CLANG_WARN_CONSTANT_CONVERSION = YES;
				CLANG_WARN_DEPRECATED_OBJC_IMPLEMENTATIONS = YES;
				CLANG_WARN_DIRECT_OBJC_ISA_USAGE = YES_ERROR;
				CLANG_WARN_DOCUMENTATION_COMMENTS = YES;
				CLANG_WARN_EMPTY_BODY = YES;
				CLANG_WARN_ENUM_CONVERSION = YES;
				CLANG_WARN_INFINITE_RECURSION = YES;
				CLANG_WARN_INT_CONVERSION = YES;
				CLANG_WARN_NON_LITERAL_NULL_CONVERSION = YES;
				CLANG_WARN_OBJC_IMPLICIT_RETAIN_SELF = YES;
				CLANG_WARN_OBJC_LITERAL_CONVERSION = YES;
				CLANG_WARN_OBJC_ROOT_CLASS = YES_ERROR;
				CLANG_WARN_QUOTED_INCLUDE_IN_FRAMEWORK_HEADER = YES;
				CLANG_WARN_RANGE_LOOP_ANALYSIS = YES;
				CLANG_WARN_STRICT_PROTOTYPES = YES;
				CLANG_WARN_SUSPICIOUS_MOVE = YES;
				CLANG_WARN_UNGUARDED_AVAILABILITY = YES_AGGRESSIVE;
				CLANG_WARN_UNREACHABLE_CODE = YES;
				CLANG_WARN__DUPLICATE_METHOD_MATCH = YES;
				COPY_PHASE_STRIP = NO;
				DEBUG_INFORMATION_FORMAT = "dwarf-with-dsym";
				ENABLE_NS_ASSERTIONS = NO;
				ENABLE_STRICT_OBJC_MSGSEND = YES;
				GCC_C_LANGUAGE_STANDARD = gnu11;
				GCC_NO_COMMON_BLOCKS = YES;
				GCC_WARN_64_TO_32_BIT_CONVERSION = YES;
				GCC_WARN_ABOUT_RETURN_TYPE = YES_ERROR;
				GCC_WARN_UNDECLARED_SELECTOR = YES;
				GCC_WARN_UNINITIALIZED_AUTOS = YES_AGGRESSIVE;
				GCC_WARN_UNUSED_FUNCTION = YES;
				GCC_WARN_UNUSED_VARIABLE = YES;
				IPHONEOS_DEPLOYMENT_TARGET = 15.4;
				MTL_ENABLE_DEBUG_INFO = NO;
				MTL_FAST_MATH = YES;
				SDKROOT = iphoneos;
				SWIFT_COMPILATION_MODE = wholemodule;
				SWIFT_OPTIMIZATION_LEVEL = "-O";
				VALIDATE_PRODUCT = YES;
			};
			name = Release;
		};
		DB76289028C1E6020048CE50 /* Debug */ = {
			isa = XCBuildConfiguration;
			buildSettings = {
				ASSETCATALOG_COMPILER_APPICON_NAME = "AppIcon-1";
				ASSETCATALOG_COMPILER_GLOBAL_ACCENT_COLOR_NAME = AccentColor;
				ASSETCATALOG_COMPILER_INCLUDE_ALL_APPICON_ASSETS = YES;
				CODE_SIGN_STYLE = Automatic;
				CURRENT_PROJECT_VERSION = 1;
				DEVELOPMENT_ASSET_PATHS = "\"Flow/Preview Content\"";
				ENABLE_PREVIEWS = YES;
				GENERATE_INFOPLIST_FILE = YES;
				INFOPLIST_FILE = Flow/Info.plist;
				INFOPLIST_KEY_UIApplicationSceneManifest_Generation = YES;
				INFOPLIST_KEY_UIApplicationSupportsIndirectInputEvents = YES;
				INFOPLIST_KEY_UILaunchScreen_Generation = YES;
				INFOPLIST_KEY_UISupportedInterfaceOrientations_iPad = "UIInterfaceOrientationPortrait UIInterfaceOrientationPortraitUpsideDown UIInterfaceOrientationLandscapeLeft UIInterfaceOrientationLandscapeRight";
				INFOPLIST_KEY_UISupportedInterfaceOrientations_iPhone = "UIInterfaceOrientationPortrait UIInterfaceOrientationLandscapeLeft UIInterfaceOrientationLandscapeRight";
				LD_RUNPATH_SEARCH_PATHS = (
					"$(inherited)",
					"@executable_path/Frameworks",
				);
				MARKETING_VERSION = 1.0;
				PRODUCT_BUNDLE_IDENTIFIER = com.raditya.Flow;
				PRODUCT_NAME = "$(TARGET_NAME)";
				SWIFT_EMIT_LOC_STRINGS = YES;
				SWIFT_VERSION = 5.0;
				TARGETED_DEVICE_FAMILY = "1,2";
			};
			name = Debug;
		};
		DB76289128C1E6020048CE50 /* Release */ = {
			isa = XCBuildConfiguration;
			buildSettings = {
				ASSETCATALOG_COMPILER_APPICON_NAME = "AppIcon-1";
				ASSETCATALOG_COMPILER_GLOBAL_ACCENT_COLOR_NAME = AccentColor;
				ASSETCATALOG_COMPILER_INCLUDE_ALL_APPICON_ASSETS = YES;
				CODE_SIGN_STYLE = Automatic;
				CURRENT_PROJECT_VERSION = 1;
				DEVELOPMENT_ASSET_PATHS = "\"Flow/Preview Content\"";
				ENABLE_PREVIEWS = YES;
				GENERATE_INFOPLIST_FILE = YES;
				INFOPLIST_FILE = Flow/Info.plist;
				INFOPLIST_KEY_UIApplicationSceneManifest_Generation = YES;
				INFOPLIST_KEY_UIApplicationSupportsIndirectInputEvents = YES;
				INFOPLIST_KEY_UILaunchScreen_Generation = YES;
				INFOPLIST_KEY_UISupportedInterfaceOrientations_iPad = "UIInterfaceOrientationPortrait UIInterfaceOrientationPortraitUpsideDown UIInterfaceOrientationLandscapeLeft UIInterfaceOrientationLandscapeRight";
				INFOPLIST_KEY_UISupportedInterfaceOrientations_iPhone = "UIInterfaceOrientationPortrait UIInterfaceOrientationLandscapeLeft UIInterfaceOrientationLandscapeRight";
				LD_RUNPATH_SEARCH_PATHS = (
					"$(inherited)",
					"@executable_path/Frameworks",
				);
				MARKETING_VERSION = 1.0;
				PRODUCT_BUNDLE_IDENTIFIER = com.raditya.Flow;
				PRODUCT_NAME = "$(TARGET_NAME)";
				SWIFT_EMIT_LOC_STRINGS = YES;
				SWIFT_VERSION = 5.0;
				TARGETED_DEVICE_FAMILY = "1,2";
			};
			name = Release;
		};
/* End XCBuildConfiguration section */

/* Begin XCConfigurationList section */
		DB76287C28C1E5FD0048CE50 /* Build configuration list for PBXProject "Flow" */ = {
			isa = XCConfigurationList;
			buildConfigurations = (
				DB76288D28C1E6020048CE50 /* Debug */,
				DB76288E28C1E6020048CE50 /* Release */,
			);
			defaultConfigurationIsVisible = 0;
			defaultConfigurationName = Release;
		};
		DB76288F28C1E6020048CE50 /* Build configuration list for PBXNativeTarget "Flow" */ = {
			isa = XCConfigurationList;
			buildConfigurations = (
				DB76289028C1E6020048CE50 /* Debug */,
				DB76289128C1E6020048CE50 /* Release */,
			);
			defaultConfigurationIsVisible = 0;
			defaultConfigurationName = Release;
		};
/* End XCConfigurationList section */

/* Begin XCRemoteSwiftPackageReference section */
		DB4852BB28C4CD14009C4C88 /* XCRemoteSwiftPackageReference "swiftui-cached-async-image" */ = {
			isa = XCRemoteSwiftPackageReference;
			repositoryURL = "https://github.com/lorenzofiamingo/swiftui-cached-async-image";
			requirement = {
				branch = main;
				kind = branch;
			};
		};
/* End XCRemoteSwiftPackageReference section */

/* Begin XCSwiftPackageProductDependency section */
		DB4852BC28C4CD14009C4C88 /* CachedAsyncImage */ = {
			isa = XCSwiftPackageProductDependency;
			package = DB4852BB28C4CD14009C4C88 /* XCRemoteSwiftPackageReference "swiftui-cached-async-image" */;
			productName = CachedAsyncImage;
		};
/* End XCSwiftPackageProductDependency section */
	};
	rootObject = DB76287928C1E5FD0048CE50 /* Project object */;
}
